<?xml version="1.0" encoding="utf-8"?>
<Project ToolsVersion="4.0" xmlns="http://schemas.microsoft.com/developer/msbuild/2003">
  <ItemGroup>
    <ClCompile Include="main.cpp" />
    <ClCompile Include="OSMImportWindow.cpp" />
    <ClCompile Include="GeneratedFiles\moc_OSMImportWindow.cpp">
      <Filter>GeneratedFiles</Filter>
    </ClCompile>
  </ItemGroup>
  <ItemGroup>
    <Filter Include="GeneratedFiles">
      <UniqueIdentifier>{f0b4fd14-01a1-4ffb-a7a7-5686e1d56671}</UniqueIdentifier>
    </Filter>
  </ItemGroup>
  <ItemGroup>
    <CustomBuild Include="OSMImportWindow.hpp" />
  </ItemGroup>
</Project>