<?xml version="1.0" encoding="utf-8"?>
<Project ToolsVersion="4.0" xmlns="http://schemas.microsoft.com/developer/msbuild/2003">
  <ItemGroup>
    <ClCompile Include="main.cpp" />
    <ClCompile Include="mainwindow.cpp" />
    <ClCompile Include="GeneratedFiles\moc_mainwindow.cpp">
      <Filter>GeneratedFiles</Filter>
    </ClCompile>
  </ItemGroup>
  <ItemGroup>
    <Filter Include="GeneratedFiles">
      <UniqueIdentifier>{34892db5-d96d-4e55-8a5c-66a1a70d76a2}</UniqueIdentifier>
    </Filter>
  </ItemGroup>
  <ItemGroup>
    <CustomBuild Include="mainwindow.h" />
  </ItemGroup>
</Project>